// !$*UTF8*$!
{
	archiveVersion = 1;
	classes = {
	};
	objectVersion = 48;
	objects = {

/* Begin PBXBuildFile section */
		06342D491FEF5EBA00633831 /* AppDelegate.m in Sources */ = {isa = PBXBuildFile; fileRef = 06342D481FEF5EBA00633831 /* AppDelegate.m */; };
		06342D4C1FEF5EBA00633831 /* ViewController.m in Sources */ = {isa = PBXBuildFile; fileRef = 06342D4B1FEF5EBA00633831 /* ViewController.m */; };
		06342D4F1FEF5EBA00633831 /* Main.storyboard in Resources */ = {isa = PBXBuildFile; fileRef = 06342D4D1FEF5EBA00633831 /* Main.storyboard */; };
		06342D511FEF5EBA00633831 /* Assets.xcassets in Resources */ = {isa = PBXBuildFile; fileRef = 06342D501FEF5EBA00633831 /* Assets.xcassets */; };
		06342D541FEF5EBA00633831 /* LaunchScreen.storyboard in Resources */ = {isa = PBXBuildFile; fileRef = 06342D521FEF5EBA00633831 /* LaunchScreen.storyboard */; };
		06342D571FEF5EBA00633831 /* main.m in Sources */ = {isa = PBXBuildFile; fileRef = 06342D561FEF5EBA00633831 /* main.m */; };
/* End PBXBuildFile section */

/* Begin PBXFileReference section */
		06342D441FEF5EBA00633831 /* socketClient.app */ = {isa = PBXFileReference; explicitFileType = wrapper.application; includeInIndex = 0; path = socketClient.app; sourceTree = BUILT_PRODUCTS_DIR; };
		06342D471FEF5EBA00633831 /* AppDelegate.h */ = {isa = PBXFileReference; lastKnownFileType = sourcecode.c.h; path = AppDelegate.h; sourceTree = "<group>"; };
		06342D481FEF5EBA00633831 /* AppDelegate.m */ = {isa = PBXFileReference; lastKnownFileType = sourcecode.c.objc; path = AppDelegate.m; sourceTree = "<group>"; };
		06342D4A1FEF5EBA00633831 /* ViewController.h */ = {isa = PBXFileReference; lastKnownFileType = sourcecode.c.h; path = ViewController.h; sourceTree = "<group>"; };
		06342D4B1FEF5EBA00633831 /* ViewController.m */ = {isa = PBXFileReference; lastKnownFileType = sourcecode.c.objc; path = ViewController.m; sourceTree = "<group>"; };
		06342D4E1FEF5EBA00633831 /* Base */ = {isa = PBXFileReference; lastKnownFileType = file.storyboard; name = Base; path = Base.lproj/Main.storyboard; sourceTree = "<group>"; };
		06342D501FEF5EBA00633831 /* Assets.xcassets */ = {isa = PBXFileReference; lastKnownFileType = folder.assetcatalog; path = Assets.xcassets; sourceTree = "<group>"; };
		06342D531FEF5EBA00633831 /* Base */ = {isa = PBXFileReference; lastKnownFileType = file.storyboard; name = Base; path = Base.lproj/LaunchScreen.storyboard; sourceTree = "<group>"; };
		06342D551FEF5EBA00633831 /* Info.plist */ = {isa = PBXFileReference; lastKnownFileType = text.plist.xml; path = Info.plist; sourceTree = "<group>"; };
		06342D561FEF5EBA00633831 /* main.m */ = {isa = PBXFileReference; lastKnownFileType = sourcecode.c.objc; path = main.m; sourceTree = "<group>"; };
/* End PBXFileReference section */

/* Begin PBXFrameworksBuildPhase section */
		06342D411FEF5EBA00633831 /* Frameworks */ = {
			isa = PBXFrameworksBuildPhase;
			buildActionMask = 2147483647;
			files = (
			);
			runOnlyForDeploymentPostprocessing = 0;
		};
/* End PBXFrameworksBuildPhase section */

/* Begin PBXGroup section */
		06342D3B1FEF5EBA00633831 = {
			isa = PBXGroup;
			children = (
				06342D461FEF5EBA00633831 /* socketClient */,
				06342D451FEF5EBA00633831 /* Products */,
			);
			sourceTree = "<group>";
		};
		06342D451FEF5EBA00633831 /* Products */ = {
			isa = PBXGroup;
			children = (
				06342D441FEF5EBA00633831 /* socketClient.app */,
			);
			name = Products;
			sourceTree = "<group>";
		};
		06342D461FEF5EBA00633831 /* socketClient */ = {
			isa = PBXGroup;
			children = (
				06342D471FEF5EBA00633831 /* AppDelegate.h */,
				06342D481FEF5EBA00633831 /* AppDelegate.m */,
				06342D4A1FEF5EBA00633831 /* ViewController.h */,
				06342D4B1FEF5EBA00633831 /* ViewController.m */,
				06342D4D1FEF5EBA00633831 /* Main.storyboard */,
				06342D501FEF5EBA00633831 /* Assets.xcassets */,
				06342D521FEF5EBA00633831 /* LaunchScreen.storyboard */,
				06342D551FEF5EBA00633831 /* Info.plist */,
				06342D561FEF5EBA00633831 /* main.m */,
			);
			path = socketClient;
			sourceTree = "<group>";
		};
/* End PBXGroup section */

/* Begin PBXNativeTarget section */
		06342D431FEF5EBA00633831 /* socketClient */ = {
			isa = PBXNativeTarget;
			buildConfigurationList = 06342D5A1FEF5EBA00633831 /* Build configuration list for PBXNativeTarget "socketClient" */;
			buildPhases = (
				06342D401FEF5EBA00633831 /* Sources */,
				06342D411FEF5EBA00633831 /* Frameworks */,
				06342D421FEF5EBA00633831 /* Resources */,
			);
			buildRules = (
			);
			dependencies = (
			);
			name = socketClient;
			productName = socketClient;
			productReference = 06342D441FEF5EBA00633831 /* socketClient.app */;
			productType = "com.apple.product-type.application";
		};
/* End PBXNativeTarget section */

/* Begin PBXProject section */
		06342D3C1FEF5EBA00633831 /* Project object */ = {
			isa = PBXProject;
			attributes = {
				LastUpgradeCheck = 0910;
				ORGANIZATIONNAME = SOHU;
				TargetAttributes = {
					06342D431FEF5EBA00633831 = {
						CreatedOnToolsVersion = 9.1;
						ProvisioningStyle = Manual;
					};
				};
			};
			buildConfigurationList = 06342D3F1FEF5EBA00633831 /* Build configuration list for PBXProject "socketClient" */;
			compatibilityVersion = "Xcode 8.0";
			developmentRegion = en;
			hasScannedForEncodings = 0;
			knownRegions = (
				en,
				Base,
			);
			mainGroup = 06342D3B1FEF5EBA00633831;
			productRefGroup = 06342D451FEF5EBA00633831 /* Products */;
			projectDirPath = "";
			projectRoot = "";
			targets = (
				06342D431FEF5EBA00633831 /* socketClient */,
			);
		};
/* End PBXProject section */

/* Begin PBXResourcesBuildPhase section */
		06342D421FEF5EBA00633831 /* Resources */ = {
			isa = PBXResourcesBuildPhase;
			buildActionMask = 2147483647;
			files = (
				06342D541FEF5EBA00633831 /* LaunchScreen.storyboard in Resources */,
				06342D511FEF5EBA00633831 /* Assets.xcassets in Resources */,
				06342D4F1FEF5EBA00633831 /* Main.storyboard in Resources */,
			);
			runOnlyForDeploymentPostprocessing = 0;
		};
/* End PBXResourcesBuildPhase section */

/* Begin PBXSourcesBuildPhase section */
		06342D401FEF5EBA00633831 /* Sources */ = {
			isa = PBXSourcesBuildPhase;
			buildActionMask = 2147483647;
			files = (
				06342D4C1FEF5EBA00633831 /* ViewController.m in Sources */,
				06342D571FEF5EBA00633831 /* main.m in Sources */,
				06342D491FEF5EBA00633831 /* AppDelegate.m in Sources */,
			);
			runOnlyForDeploymentPostprocessing = 0;
		};
/* End PBXSourcesBuildPhase section */

/* Begin PBXVariantGroup section */
		06342D4D1FEF5EBA00633831 /* Main.storyboard */ = {
			isa = PBXVariantGroup;
			children = (
				06342D4E1FEF5EBA00633831 /* Base */,
			);
			name = Main.storyboard;
			sourceTree = "<group>";
		};
		06342D521FEF5EBA00633831 /* LaunchScreen.storyboard */ = {
			isa = PBXVariantGroup;
			children = (
				06342D531FEF5EBA00633831 /* Base */,
			);
			name = LaunchScreen.storyboard;
			sourceTree = "<group>";
		};
/* End PBXVariantGroup section */

/* Begin XCBuildConfiguration section */
		06342D581FEF5EBA00633831 /* Debug */ = {
			isa = XCBuildConfiguration;
			buildSettings = {
				ALWAYS_SEARCH_USER_PATHS = NO;
				CLANG_ANALYZER_NONNULL = YES;
				CLANG_ANALYZER_NUMBER_OBJECT_CONVERSION = YES_AGGRESSIVE;
				CLANG_CXX_LANGUAGE_STANDARD = "gnu++14";
				CLANG_CXX_LIBRARY = "libc++";
				CLANG_ENABLE_MODULES = YES;
				CLANG_ENABLE_OBJC_ARC = YES;
				CLANG_WARN_BLOCK_CAPTURE_AUTORELEASING = YES;
				CLANG_WARN_BOOL_CONVERSION = YES;
				CLANG_WARN_COMMA = YES;
				CLANG_WARN_CONSTANT_CONVERSION = YES;
				CLANG_WARN_DIRECT_OBJC_ISA_USAGE = YES_ERROR;
				CLANG_WARN_DOCUMENTATION_COMMENTS = YES;
				CLANG_WARN_EMPTY_BODY = YES;
				CLANG_WARN_ENUM_CONVERSION = YES;
				CLANG_WARN_INFINITE_RECURSION = YES;
				CLANG_WARN_INT_CONVERSION = YES;
				CLANG_WARN_NON_LITERAL_NULL_CONVERSION = YES;
				CLANG_WARN_OBJC_LITERAL_CONVERSION = YES;
				CLANG_WARN_OBJC_ROOT_CLASS = YES_ERROR;
				CLANG_WARN_RANGE_LOOP_ANALYSIS = YES;
				CLANG_WARN_STRICT_PROTOTYPES = YES;
				CLANG_WARN_SUSPICIOUS_MOVE = YES;
				CLANG_WARN_UNGUARDED_AVAILABILITY = YES_AGGRESSIVE;
				CLANG_WARN_UNREACHABLE_CODE = YES;
				CLANG_WARN__DUPLICATE_METHOD_MATCH = YES;
				CODE_SIGN_IDENTITY = "iPhone Developer";
				COPY_PHASE_STRIP = NO;
				DEBUG_INFORMATION_FORMAT = dwarf;
				ENABLE_STRICT_OBJC_MSGSEND = YES;
				ENABLE_TESTABILITY = YES;
				GCC_C_LANGUAGE_STANDARD = gnu11;
				GCC_DYNAMIC_NO_PIC = NO;
				GCC_NO_COMMON_BLOCKS = YES;
				GCC_OPTIMIZATION_LEVEL = 0;
				GCC_PREPROCESSOR_DEFINITIONS = (
					"DEBUG=1",
					"$(inherited)",
				);
				GCC_WARN_64_TO_32_BIT_CONVERSION = YES;
				GCC_WARN_ABOUT_RETURN_TYPE = YES_ERROR;
				GCC_WARN_UNDECLARED_SELECTOR = YES;
				GCC_WARN_UNINITIALIZED_AUTOS = YES_AGGRESSIVE;
				GCC_WARN_UNUSED_FUNCTION = YES;
				GCC_WARN_UNUSED_VARIABLE = YES;
				IPHONEOS_DEPLOYMENT_TARGET = 11.1;
				MTL_ENABLE_DEBUG_INFO = YES;
				ONLY_ACTIVE_ARCH = YES;
				SDKROOT = iphoneos;
			};
			name = Debug;
		};
		06342D591FEF5EBA00633831 /* Release */ = {
			isa = XCBuildConfiguration;
			buildSettings = {
				ALWAYS_SEARCH_USER_PATHS = NO;
				CLANG_ANALYZER_NONNULL = YES;
				CLANG_ANALYZER_NUMBER_OBJECT_CONVERSION = YES_AGGRESSIVE;
				CLANG_CXX_LANGUAGE_STANDARD = "gnu++14";
				CLANG_CXX_LIBRARY = "libc++";
				CLANG_ENABLE_MODULES = YES;
				CLANG_ENABLE_OBJC_ARC = YES;
				CLANG_WARN_BLOCK_CAPTURE_AUTORELEASING = YES;
				CLANG_WARN_BOOL_CONVERSION = YES;
				CLANG_WARN_COMMA = YES;
				CLANG_WARN_CONSTANT_CONVERSION = YES;
				CLANG_WARN_DIRECT_OBJC_ISA_USAGE = YES_ERROR;
				CLANG_WARN_DOCUMENTATION_COMMENTS = YES;
				CLANG_WARN_EMPTY_BODY = YES;
				CLANG_WARN_ENUM_CONVERSION = YES;
				CLANG_WARN_INFINITE_RECURSION = YES;
				CLANG_WARN_INT_CONVERSION = YES;
				CLANG_WARN_NON_LITERAL_NULL_CONVERSION = YES;
				CLANG_WARN_OBJC_LITERAL_CONVERSION = YES;
				CLANG_WARN_OBJC_ROOT_CLASS = YES_ERROR;
				CLANG_WARN_RANGE_LOOP_ANALYSIS = YES;
				CLANG_WARN_STRICT_PROTOTYPES = YES;
				CLANG_WARN_SUSPICIOUS_MOVE = YES;
				CLANG_WARN_UNGUARDED_AVAILABILITY = YES_AGGRESSIVE;
				CLANG_WARN_UNREACHABLE_CODE = YES;
				CLANG_WARN__DUPLICATE_METHOD_MATCH = YES;
				CODE_SIGN_IDENTITY = "iPhone Developer";
				COPY_PHASE_STRIP = NO;
				DEBUG_INFORMATION_FORMAT = "dwarf-with-dsym";
				ENABLE_NS_ASSERTIONS = NO;
				ENABLE_STRICT_OBJC_MSGSEND = YES;
				GCC_C_LANGUAGE_STANDARD = gnu11;
				GCC_NO_COMMON_BLOCKS = YES;
				GCC_WARN_64_TO_32_BIT_CONVERSION = YES;
				GCC_WARN_ABOUT_RETURN_TYPE = YES_ERROR;
				GCC_WARN_UNDECLARED_SELECTOR = YES;
				GCC_WARN_UNINITIALIZED_AUTOS = YES_AGGRESSIVE;
				GCC_WARN_UNUSED_FUNCTION = YES;
				GCC_WARN_UNUSED_VARIABLE = YES;
				IPHONEOS_DEPLOYMENT_TARGET = 11.1;
				MTL_ENABLE_DEBUG_INFO = NO;
				SDKROOT = iphoneos;
				VALIDATE_PRODUCT = YES;
			};
			name = Release;
		};
		06342D5B1FEF5EBA00633831 /* Debug */ = {
			isa = XCBuildConfiguration;
			buildSettings = {
				ASSETCATALOG_COMPILER_APPICON_NAME = AppIcon;
				CODE_SIGN_STYLE = Manual;
				DEVELOPMENT_TEAM = 4AW78593E8;
				INFOPLIST_FILE = socketClient/Info.plist;
				LD_RUNPATH_SEARCH_PATHS = "$(inherited) @executable_path/Frameworks";
				PRODUCT_BUNDLE_IDENTIFIER = com.app.socketClient;
				PRODUCT_NAME = "$(TARGET_NAME)";
				PROVISIONING_PROFILE = "8c36b64d-252c-40f1-a9d0-e8ac7291ee3a";
				PROVISIONING_PROFILE_SPECIFIER = develop_universal_profile;
				TARGETED_DEVICE_FAMILY = "1,2";
			};
			name = Debug;
		};
		06342D5C1FEF5EBA00633831 /* Release */ = {
			isa = XCBuildConfiguration;
			buildSettings = {
				ASSETCATALOG_COMPILER_APPICON_NAME = AppIcon;
				CODE_SIGN_STYLE = Manual;
				DEVELOPMENT_TEAM = "";
				INFOPLIST_FILE = socketClient/Info.plist;
				LD_RUNPATH_SEARCH_PATHS = "$(inherited) @executable_path/Frameworks";
				PRODUCT_BUNDLE_IDENTIFIER = com.app.socketClient;
				PRODUCT_NAME = "$(TARGET_NAME)";
				PROVISIONING_PROFILE_SPECIFIER = "";
				TARGETED_DEVICE_FAMILY = "1,2";
			};
			name = Release;
		};
/* End XCBuildConfiguration section */

/* Begin XCConfigurationList section */
		06342D3F1FEF5EBA00633831 /* Build configuration list for PBXProject "socketClient" */ = {
			isa = XCConfigurationList;
			buildConfigurations = (
				06342D581FEF5EBA00633831 /* Debug */,
				06342D591FEF5EBA00633831 /* Release */,
			);
			defaultConfigurationIsVisible = 0;
			defaultConfigurationName = Release;
		};
		06342D5A1FEF5EBA00633831 /* Build configuration list for PBXNativeTarget "socketClient" */ = {
			isa = XCConfigurationList;
			buildConfigurations = (
				06342D5B1FEF5EBA00633831 /* Debug */,
				06342D5C1FEF5EBA00633831 /* Release */,
			);
			defaultConfigurationIsVisible = 0;
			defaultConfigurationName = Release;
		};
/* End XCConfigurationList section */
	};
	rootObject = 06342D3C1FEF5EBA00633831 /* Project object */;
}
